
Microsoft Visual Studio Solution File, Format Version 12.00
# Visual Studio 14
VisualStudioVersion = 14.0.25420.1
MinimumVisualStudioVersion = 10.0.40219.1
Project("{FAE04EC0-301F-11D3-BF4B-00C04F79EFBC}") = "Mocosha.WcfService.SimpleStorage", "Mocosha.WcfService.SimpleStorage\Mocosha.WcfService.SimpleStorage.csproj", "{2B6A312C-0617-4DEA-A6BF-F92931F27480}"
EndProject
Project("{FAE04EC0-301F-11D3-BF4B-00C04F79EFBC}") = "Mocosha.SoapTestClient", "Mocosha.SoapTestClient\Mocosha.SoapTestClient.csproj", "{F1F70D36-1F67-4C6F-B0A8-416A9CBEC806}"
	ProjectSection(ProjectDependencies) = postProject
		{2B6A312C-0617-4DEA-A6BF-F92931F27480} = {2B6A312C-0617-4DEA-A6BF-F92931F27480}
	EndProjectSection
EndProject
Project("{FAE04EC0-301F-11D3-BF4B-00C04F79EFBC}") = "Mocosha.KeyValueStore", "Mocosha.KeyValueStore\Mocosha.KeyValueStore.csproj", "{97010F5D-EED4-41EC-8C65-7F7A84A410FE}"
EndProject
Project("{FAE04EC0-301F-11D3-BF4B-00C04F79EFBC}") = "Mocosha.WebApi.SimpleStorage", "Mocosha.WebApi.SimpleStorage\Mocosha.WebApi.SimpleStorage.csproj", "{0E4AF175-DBA4-40EF-B76D-DE26C774A8DB}"
EndProject
Global
	GlobalSection(SolutionConfigurationPlatforms) = preSolution
		Debug|Any CPU = Debug|Any CPU
		Release|Any CPU = Release|Any CPU
	EndGlobalSection
	GlobalSection(ProjectConfigurationPlatforms) = postSolution
		{2B6A312C-0617-4DEA-A6BF-F92931F27480}.Debug|Any CPU.ActiveCfg = Debug|Any CPU
		{2B6A312C-0617-4DEA-A6BF-F92931F27480}.Debug|Any CPU.Build.0 = Debug|Any CPU
		{2B6A312C-0617-4DEA-A6BF-F92931F27480}.Release|Any CPU.ActiveCfg = Release|Any CPU
		{2B6A312C-0617-4DEA-A6BF-F92931F27480}.Release|Any CPU.Build.0 = Release|Any CPU
		{F1F70D36-1F67-4C6F-B0A8-416A9CBEC806}.Debug|Any CPU.ActiveCfg = Debug|Any CPU
		{F1F70D36-1F67-4C6F-B0A8-416A9CBEC806}.Debug|Any CPU.Build.0 = Debug|Any CPU
		{F1F70D36-1F67-4C6F-B0A8-416A9CBEC806}.Release|Any CPU.ActiveCfg = Release|Any CPU
		{F1F70D36-1F67-4C6F-B0A8-416A9CBEC806}.Release|Any CPU.Build.0 = Release|Any CPU
		{97010F5D-EED4-41EC-8C65-7F7A84A410FE}.Debug|Any CPU.ActiveCfg = Debug|Any CPU
		{97010F5D-EED4-41EC-8C65-7F7A84A410FE}.Debug|Any CPU.Build.0 = Debug|Any CPU
		{97010F5D-EED4-41EC-8C65-7F7A84A410FE}.Release|Any CPU.ActiveCfg = Release|Any CPU
		{97010F5D-EED4-41EC-8C65-7F7A84A410FE}.Release|Any CPU.Build.0 = Release|Any CPU
		{0E4AF175-DBA4-40EF-B76D-DE26C774A8DB}.Debug|Any CPU.ActiveCfg = Debug|Any CPU
		{0E4AF175-DBA4-40EF-B76D-DE26C774A8DB}.Debug|Any CPU.Build.0 = Debug|Any CPU
		{0E4AF175-DBA4-40EF-B76D-DE26C774A8DB}.Release|Any CPU.ActiveCfg = Release|Any CPU
		{0E4AF175-DBA4-40EF-B76D-DE26C774A8DB}.Release|Any CPU.Build.0 = Release|Any CPU
	EndGlobalSection
	GlobalSection(SolutionProperties) = preSolution
		HideSolutionNode = FALSE
	EndGlobalSection
EndGlobal
